
Microsoft Visual Studio Solution File, Format Version 12.00
# Visual Studio Version 16
VisualStudioVersion = 16.0.29613.14
MinimumVisualStudioVersion = 10.0.40219.1
Project("{FAE04EC0-301F-11D3-BF4B-00C04F79EFBC}") = "UniversityDemo", "UniversityDemo.csproj", "{4BE7F259-D246-4FA6-BE98-4ADE4C36E874}"
EndProject
Global
	GlobalSection(SolutionConfigurationPlatforms) = preSolution
		Debug|Any CPU = Debug|Any CPU
		Release|Any CPU = Release|Any CPU
	EndGlobalSection
	GlobalSection(ProjectConfigurationPlatforms) = postSolution
		{4BE7F259-D246-4FA6-BE98-4ADE4C36E874}.Debug|Any CPU.ActiveCfg = Debug|Any CPU
		{4BE7F259-D246-4FA6-BE98-4ADE4C36E874}.Debug|Any CPU.Build.0 = Debug|Any CPU
		{4BE7F259-D246-4FA6-BE98-4ADE4C36E874}.Release|Any CPU.ActiveCfg = Release|Any CPU
		{4BE7F259-D246-4FA6-BE98-4ADE4C36E874}.Release|Any CPU.Build.0 = Release|Any CPU
	EndGlobalSection
	GlobalSection(SolutionProperties) = preSolution
		HideSolutionNode = FALSE
	EndGlobalSection
	GlobalSection(ExtensibilityGlobals) = postSolution
		SolutionGuid = {612B2C1A-B225-481E-A223-CB2314DD244F}
	EndGlobalSection
EndGlobal
